lockfileVersion: '9.0'

settings:
  autoInstallPeers: true
  excludeLinksFromLockfile: false

importers:

  .:
    dependencies:
      '@heroicons/react':
        specifier: ^2.2.0
        version: 2.2.0(react@19.1.0)
      clsx:
        specifier: ^2.1.1
        version: 2.1.1
      heroicons:
        specifier: ^2.2.0
        version: 2.2.0

packages:

  '@heroicons/react@2.2.0':
    resolution: {integrity: sha512-LMcepvRaS9LYHJGsF0zzmgKCUim/X3N/DQKc4jepAXJ7l8QxJ1PmxJzqplF2Z3FE4PqBAIGyJAQ/w4B5dsqbtQ==}
    peerDependencies:
      react: '>= 16 || ^19.0.0-rc'

  clsx@2.1.1:
    resolution: {integrity: sha512-eYm0QWBtUrBWZWG0d386OGAw16Z995PiOVo2B7bjWSbHedGl5e0ZWaq65kOGgUSNesEIDkB9ISbTg/JK9dhCZA==}
    engines: {node: '>=6'}

  heroicons@2.2.0:
    resolution: {integrity: sha512-yOwvztmNiBWqR946t+JdgZmyzEmnRMC2nxvHFC90bF1SUttwB6yJKYeme1JeEcBfobdOs827nCyiWBS2z/brog==}

  react@19.1.0:
    resolution: {integrity: sha512-FS+XFBNvn3GTAWq26joslQgWNoFu08F4kl0J4CgdNKADkdSGXQyTCnKteIAJy96Br6YbpEU1LSzV5dYtjMkMDg==}
    engines: {node: '>=0.10.0'}

snapshots:

  '@heroicons/react@2.2.0(react@19.1.0)':
    dependencies:
      react: 19.1.0

  clsx@2.1.1: {}

  heroicons@2.2.0: {}

  react@19.1.0: {}
